
Microsoft Visual Studio Solution File, Format Version 12.00
# Visual Studio Version 17
VisualStudioVersion = 17.3.32804.467
MinimumVisualStudioVersion = 10.0.40219.1
Project("{FAE04EC0-301F-11D3-BF4B-00C04F79EFBC}") = "LogicalProblems", "LogicalProblems.csproj", "{13590791-8CA2-4FA9-A417-653C67DEBDB4}"
EndProject
Global
	GlobalSection(SolutionConfigurationPlatforms) = preSolution
		Debug|Any CPU = Debug|Any CPU
		Release|Any CPU = Release|Any CPU
	EndGlobalSection
	GlobalSection(ProjectConfigurationPlatforms) = postSolution
		{13590791-8CA2-4FA9-A417-653C67DEBDB4}.Debug|Any CPU.ActiveCfg = Debug|Any CPU
		{13590791-8CA2-4FA9-A417-653C67DEBDB4}.Debug|Any CPU.Build.0 = Debug|Any CPU
		{13590791-8CA2-4FA9-A417-653C67DEBDB4}.Release|Any CPU.ActiveCfg = Release|Any CPU
		{13590791-8CA2-4FA9-A417-653C67DEBDB4}.Release|Any CPU.Build.0 = Release|Any CPU
	EndGlobalSection
	GlobalSection(SolutionProperties) = preSolution
		HideSolutionNode = FALSE
	EndGlobalSection
	GlobalSection(ExtensibilityGlobals) = postSolution
		SolutionGuid = {4D8AEF56-ECB4-4E48-A316-CE927DD81323}
	EndGlobalSection
EndGlobal
